
Microsoft Visual Studio Solution File, Format Version 12.00
# Visual Studio Version 17
VisualStudioVersion = 17.13.35825.156 d17.13
MinimumVisualStudioVersion = 10.0.40219.1
Project("{FAE04EC0-301F-11D3-BF4B-00C04F79EFBC}") = "wpf_pract_3(3)", "wpf_pract_3(3)\wpf_pract_3(3).csproj", "{3F84D3C3-01D6-44C5-B80A-3D363B5DF55E}"
EndProject
Global
	GlobalSection(SolutionConfigurationPlatforms) = preSolution
		Debug|Any CPU = Debug|Any CPU
		Release|Any CPU = Release|Any CPU
	EndGlobalSection
	GlobalSection(ProjectConfigurationPlatforms) = postSolution
		{3F84D3C3-01D6-44C5-B80A-3D363B5DF55E}.Debug|Any CPU.ActiveCfg = Debug|Any CPU
		{3F84D3C3-01D6-44C5-B80A-3D363B5DF55E}.Debug|Any CPU.Build.0 = Debug|Any CPU
		{3F84D3C3-01D6-44C5-B80A-3D363B5DF55E}.Release|Any CPU.ActiveCfg = Release|Any CPU
		{3F84D3C3-01D6-44C5-B80A-3D363B5DF55E}.Release|Any CPU.Build.0 = Release|Any CPU
	EndGlobalSection
	GlobalSection(SolutionProperties) = preSolution
		HideSolutionNode = FALSE
	EndGlobalSection
	GlobalSection(ExtensibilityGlobals) = postSolution
		SolutionGuid = {8328B3B1-7444-4AFC-9435-48639444E4B9}
	EndGlobalSection
EndGlobal
